
Microsoft Visual Studio Solution File, Format Version 12.00
# Visual Studio Version 16
VisualStudioVersion = 16.0.31005.135
MinimumVisualStudioVersion = 10.0.40219.1
Project("{FAE04EC0-301F-11D3-BF4B-00C04F79EFBC}") = "Lesson2", "Lesson2\Lesson2.csproj", "{10DE45EE-796F-4BCE-AA39-92BE416A2583}"
EndProject
Global
	GlobalSection(SolutionConfigurationPlatforms) = preSolution
		Debug|Any CPU = Debug|Any CPU
		Release|Any CPU = Release|Any CPU
	EndGlobalSection
	GlobalSection(ProjectConfigurationPlatforms) = postSolution
		{10DE45EE-796F-4BCE-AA39-92BE416A2583}.Debug|Any CPU.ActiveCfg = Debug|Any CPU
		{10DE45EE-796F-4BCE-AA39-92BE416A2583}.Debug|Any CPU.Build.0 = Debug|Any CPU
		{10DE45EE-796F-4BCE-AA39-92BE416A2583}.Release|Any CPU.ActiveCfg = Release|Any CPU
		{10DE45EE-796F-4BCE-AA39-92BE416A2583}.Release|Any CPU.Build.0 = Release|Any CPU
	EndGlobalSection
	GlobalSection(SolutionProperties) = preSolution
		HideSolutionNode = FALSE
	EndGlobalSection
	GlobalSection(ExtensibilityGlobals) = postSolution
		SolutionGuid = {898E2A16-E7CC-47BD-8911-83FD608C5106}
	EndGlobalSection
EndGlobal
